# MIDI clock sets the patch tempo (issue #5). MS-50G 3.10 OS only for now.
#   Incoming MIDI timing clock (0xF8, 24 per quarter note, any source over USB)
#   sets TEMPO like tap tempo does, so tempo-synced delay times and modulation
#   rates follow a DAW or drum machine. Start/stop/continue are ignored.
#   The tempo follows after about 2 beats; a step of 1 BPM needs two matching
#   measurements (2 beats each), so jittery USB clock does not wobble it.
#   A tempo changed by hand while the clock runs is overridden on the next beat.
# Design and addresses: docs/os-reverse-engineering.md, "MIDI clock patch".
# The hex below is generated from asm/midi_clock/*.S with
#   zoomms asm <file> --addr <addr>   (add --section for a section)
# and tests/test_midi_clock_patch.py checks it still matches the source.
name: midi-clock
description: Patch tempo follows incoming MIDI clock
builds: [ms50g-3.10]
write:
  # End of Task_MIDI's byte loop: ldw *+b14(224),b0 -> callp trampoline
  - model: ms50g-3.10
    addr: 0xC00AF0F8
    expect: "6e380000"
    data: "122ee51f"
  # Trampoline into L2 (the 16 zero bytes after a return)
  - model: ms50g-3.10
    addr: 0xC00A1A50
    expect: "00000000000000000000000000000000"
    data: "2a207000eac008006203000000800000"
    source: asm/midi_clock/trampoline.S
section:
  # The clock handler, in free L2 RAM after the MIDI CC handler
  - model: ms50g-3.10
    addr: 0x1181E040
    source: asm/midi_clock/clock.S
    data: >-
      1eea00002a7c8000004000007a0a040192040060008000006e38000062030c00
      0080000052f0ff07f642bc01f4623c05f482bc05f4a23c06f4c2bc06f6e23c05
      da0f3c050000000028e07105e8c008052ab0f902ea06e002620314002a54f001
      eac0880100400000d80f9005642228007422a805287d800058a3800100200000
      f8600100f80904017402a8a17442a8a17482a8a164022806280c800000400000
      58203000780a040158a300a074022800d80fb00010280080008000006462a800
      6442280100600000403c2800640201065820840058ef84007462a80028048000
      f84a84007402810558200881744228811020008000800000f860310628c00300
      f88b8100d80f008628701700f8898100d80f0086a029300228001f00e8240000
      78001002da1f30022a10e502ea06e002620314002ac0f001eac0880100400000
      d80f9006648228002804800000400000f8a0010058030000f80a840010140080
      0080000058a034022a0500022a10e502ea06e002620314002ae2f001eac08801
      00400000d80f1006a06c3000a02cb000780004007482280028ec710268076002
      da1f300258a300032a32d6026a06e002620314002a00f101eac0880100400000
      6ca900022a2000022a40e3026a06e002620314002a10f101eac0880100400000
      da0fa80700000000e642bc01e4623c05e482bc05e4a23c06e4c2bc06e6e23c05
      521080076e38000062030c000080000000000000000000000000000000000000
  # Its variables, zeroed at boot (the private stack above them needs no load)
  - model: ms50g-3.10
    addr: 0x1181E3C0
    data: "00000000000000000000000000000000000000000000000000000000000000000000000000000000000000000000000000000000000000000000000000000000"
